// !$*UTF8*$!
{
	archiveVersion = 1;
	classes = {
	};
	objectVersion = 56;
	objects = {

/* Begin PBXBuildFile section */
		DF8ECE0B2AC3B26A00E2C7BB /* AppDelegate.swift in Sources */ = {isa = PBXBuildFile; fileRef = DF8ECE0A2AC3B26A00E2C7BB /* AppDelegate.swift */; };
		DF8ECE0D2AC3B26A00E2C7BB /* SceneDelegate.swift in Sources */ = {isa = PBXBuildFile; fileRef = DF8ECE0C2AC3B26A00E2C7BB /* SceneDelegate.swift */; };
		DF8ECE0F2AC3B26A00E2C7BB /* ViewController.swift in Sources */ = {isa = PBXBuildFile; fileRef = DF8ECE0E2AC3B26A00E2C7BB /* ViewController.swift */; };
		DF8ECE122AC3B26A00E2C7BB /* Main.storyboard in Resources */ = {isa = PBXBuildFile; fileRef = DF8ECE102AC3B26A00E2C7BB /* Main.storyboard */; };
		DF8ECE142AC3B26B00E2C7BB /* Assets.xcassets in Resources */ = {isa = PBXBuildFile; fileRef = DF8ECE132AC3B26B00E2C7BB /* Assets.xcassets */; };
		DF8ECE172AC3B26B00E2C7BB /* LaunchScreen.storyboard in Resources */ = {isa = PBXBuildFile; fileRef = DF8ECE152AC3B26B00E2C7BB /* LaunchScreen.storyboard */; };
		DF8ECE212AC3B3C400E2C7BB /* CarsCollectionViewCell.swift in Sources */ = {isa = PBXBuildFile; fileRef = DF8ECE1F2AC3B3C400E2C7BB /* CarsCollectionViewCell.swift */; };
		DF8ECE222AC3B3C400E2C7BB /* CarsCollectionViewCell.xib in Resources */ = {isa = PBXBuildFile; fileRef = DF8ECE202AC3B3C400E2C7BB /* CarsCollectionViewCell.xib */; };
		DF8ECE252AC3B4F500E2C7BB /* Car.swift in Sources */ = {isa = PBXBuildFile; fileRef = DF8ECE242AC3B4F500E2C7BB /* Car.swift */; };
/* End PBXBuildFile section */

/* Begin PBXFileReference section */
		DF8ECE072AC3B26A00E2C7BB /* DesafioAulaCollectionView.app */ = {isa = PBXFileReference; explicitFileType = wrapper.application; includeInIndex = 0; path = DesafioAulaCollectionView.app; sourceTree = BUILT_PRODUCTS_DIR; };
		DF8ECE0A2AC3B26A00E2C7BB /* AppDelegate.swift */ = {isa = PBXFileReference; lastKnownFileType = sourcecode.swift; path = AppDelegate.swift; sourceTree = "<group>"; };
		DF8ECE0C2AC3B26A00E2C7BB /* SceneDelegate.swift */ = {isa = PBXFileReference; lastKnownFileType = sourcecode.swift; path = SceneDelegate.swift; sourceTree = "<group>"; };
		DF8ECE0E2AC3B26A00E2C7BB /* ViewController.swift */ = {isa = PBXFileReference; lastKnownFileType = sourcecode.swift; path = ViewController.swift; sourceTree = "<group>"; };
		DF8ECE112AC3B26A00E2C7BB /* Base */ = {isa = PBXFileReference; lastKnownFileType = file.storyboard; name = Base; path = Base.lproj/Main.storyboard; sourceTree = "<group>"; };
		DF8ECE132AC3B26B00E2C7BB /* Assets.xcassets */ = {isa = PBXFileReference; lastKnownFileType = folder.assetcatalog; path = Assets.xcassets; sourceTree = "<group>"; };
		DF8ECE162AC3B26B00E2C7BB /* Base */ = {isa = PBXFileReference; lastKnownFileType = file.storyboard; name = Base; path = Base.lproj/LaunchScreen.storyboard; sourceTree = "<group>"; };
		DF8ECE182AC3B26B00E2C7BB /* Info.plist */ = {isa = PBXFileReference; lastKnownFileType = text.plist.xml; path = Info.plist; sourceTree = "<group>"; };
		DF8ECE1F2AC3B3C400E2C7BB /* CarsCollectionViewCell.swift */ = {isa = PBXFileReference; lastKnownFileType = sourcecode.swift; path = CarsCollectionViewCell.swift; sourceTree = "<group>"; };
		DF8ECE202AC3B3C400E2C7BB /* CarsCollectionViewCell.xib */ = {isa = PBXFileReference; lastKnownFileType = file.xib; path = CarsCollectionViewCell.xib; sourceTree = "<group>"; };
		DF8ECE242AC3B4F500E2C7BB /* Car.swift */ = {isa = PBXFileReference; lastKnownFileType = sourcecode.swift; path = Car.swift; sourceTree = "<group>"; };
/* End PBXFileReference section */

/* Begin PBXFrameworksBuildPhase section */
		DF8ECE042AC3B26A00E2C7BB /* Frameworks */ = {
			isa = PBXFrameworksBuildPhase;
			buildActionMask = 2147483647;
			files = (
			);
			runOnlyForDeploymentPostprocessing = 0;
		};
/* End PBXFrameworksBuildPhase section */

/* Begin PBXGroup section */
		DF8ECDFE2AC3B26900E2C7BB = {
			isa = PBXGroup;
			children = (
				DF8ECE092AC3B26A00E2C7BB /* DesafioAulaCollectionView */,
				DF8ECE082AC3B26A00E2C7BB /* Products */,
			);
			sourceTree = "<group>";
		};
		DF8ECE082AC3B26A00E2C7BB /* Products */ = {
			isa = PBXGroup;
			children = (
				DF8ECE072AC3B26A00E2C7BB /* DesafioAulaCollectionView.app */,
			);
			name = Products;
			sourceTree = "<group>";
		};
		DF8ECE092AC3B26A00E2C7BB /* DesafioAulaCollectionView */ = {
			isa = PBXGroup;
			children = (
				DF8ECE232AC3B4ED00E2C7BB /* Models */,
				DF8ECE1E2AC3B3AF00E2C7BB /* Cells */,
				DF8ECE0A2AC3B26A00E2C7BB /* AppDelegate.swift */,
				DF8ECE0C2AC3B26A00E2C7BB /* SceneDelegate.swift */,
				DF8ECE0E2AC3B26A00E2C7BB /* ViewController.swift */,
				DF8ECE102AC3B26A00E2C7BB /* Main.storyboard */,
				DF8ECE132AC3B26B00E2C7BB /* Assets.xcassets */,
				DF8ECE152AC3B26B00E2C7BB /* LaunchScreen.storyboard */,
				DF8ECE182AC3B26B00E2C7BB /* Info.plist */,
			);
			path = DesafioAulaCollectionView;
			sourceTree = "<group>";
		};
		DF8ECE1E2AC3B3AF00E2C7BB /* Cells */ = {
			isa = PBXGroup;
			children = (
				DF8ECE1F2AC3B3C400E2C7BB /* CarsCollectionViewCell.swift */,
				DF8ECE202AC3B3C400E2C7BB /* CarsCollectionViewCell.xib */,
			);
			path = Cells;
			sourceTree = "<group>";
		};
		DF8ECE232AC3B4ED00E2C7BB /* Models */ = {
			isa = PBXGroup;
			children = (
				DF8ECE242AC3B4F500E2C7BB /* Car.swift */,
			);
			path = Models;
			sourceTree = "<group>";
		};
/* End PBXGroup section */

/* Begin PBXNativeTarget section */
		DF8ECE062AC3B26A00E2C7BB /* DesafioAulaCollectionView */ = {
			isa = PBXNativeTarget;
			buildConfigurationList = DF8ECE1B2AC3B26B00E2C7BB /* Build configuration list for PBXNativeTarget "DesafioAulaCollectionView" */;
			buildPhases = (
				DF8ECE032AC3B26A00E2C7BB /* Sources */,
				DF8ECE042AC3B26A00E2C7BB /* Frameworks */,
				DF8ECE052AC3B26A00E2C7BB /* Resources */,
			);
			buildRules = (
			);
			dependencies = (
			);
			name = DesafioAulaCollectionView;
			productName = DesafioAulaCollectionView;
			productReference = DF8ECE072AC3B26A00E2C7BB /* DesafioAulaCollectionView.app */;
			productType = "com.apple.product-type.application";
		};
/* End PBXNativeTarget section */

/* Begin PBXProject section */
		DF8ECDFF2AC3B26A00E2C7BB /* Project object */ = {
			isa = PBXProject;
			attributes = {
				BuildIndependentTargetsInParallel = 1;
				LastSwiftUpdateCheck = 1430;
				LastUpgradeCheck = 1430;
				TargetAttributes = {
					DF8ECE062AC3B26A00E2C7BB = {
						CreatedOnToolsVersion = 14.3.1;
					};
				};
			};
			buildConfigurationList = DF8ECE022AC3B26A00E2C7BB /* Build configuration list for PBXProject "DesafioAulaCollectionView" */;
			compatibilityVersion = "Xcode 14.0";
			developmentRegion = en;
			hasScannedForEncodings = 0;
			knownRegions = (
				en,
				Base,
			);
			mainGroup = DF8ECDFE2AC3B26900E2C7BB;
			productRefGroup = DF8ECE082AC3B26A00E2C7BB /* Products */;
			projectDirPath = "";
			projectRoot = "";
			targets = (
				DF8ECE062AC3B26A00E2C7BB /* DesafioAulaCollectionView */,
			);
		};
/* End PBXProject section */

/* Begin PBXResourcesBuildPhase section */
		DF8ECE052AC3B26A00E2C7BB /* Resources */ = {
			isa = PBXResourcesBuildPhase;
			buildActionMask = 2147483647;
			files = (
				DF8ECE172AC3B26B00E2C7BB /* LaunchScreen.storyboard in Resources */,
				DF8ECE142AC3B26B00E2C7BB /* Assets.xcassets in Resources */,
				DF8ECE122AC3B26A00E2C7BB /* Main.storyboard in Resources */,
				DF8ECE222AC3B3C400E2C7BB /* CarsCollectionViewCell.xib in Resources */,
			);
			runOnlyForDeploymentPostprocessing = 0;
		};
/* End PBXResourcesBuildPhase section */

/* Begin PBXSourcesBuildPhase section */
		DF8ECE032AC3B26A00E2C7BB /* Sources */ = {
			isa = PBXSourcesBuildPhase;
			buildActionMask = 2147483647;
			files = (
				DF8ECE252AC3B4F500E2C7BB /* Car.swift in Sources */,
				DF8ECE0F2AC3B26A00E2C7BB /* ViewController.swift in Sources */,
				DF8ECE0B2AC3B26A00E2C7BB /* AppDelegate.swift in Sources */,
				DF8ECE0D2AC3B26A00E2C7BB /* SceneDelegate.swift in Sources */,
				DF8ECE212AC3B3C400E2C7BB /* CarsCollectionViewCell.swift in Sources */,
			);
			runOnlyForDeploymentPostprocessing = 0;
		};
/* End PBXSourcesBuildPhase section */

/* Begin PBXVariantGroup section */
		DF8ECE102AC3B26A00E2C7BB /* Main.storyboard */ = {
			isa = PBXVariantGroup;
			children = (
				DF8ECE112AC3B26A00E2C7BB /* Base */,
			);
			name = Main.storyboard;
			sourceTree = "<group>";
		};
		DF8ECE152AC3B26B00E2C7BB /* LaunchScreen.storyboard */ = {
			isa = PBXVariantGroup;
			children = (
				DF8ECE162AC3B26B00E2C7BB /* Base */,
			);
			name = LaunchScreen.storyboard;
			sourceTree = "<group>";
		};
/* End PBXVariantGroup section */

/* Begin XCBuildConfiguration section */
		DF8ECE192AC3B26B00E2C7BB /* Debug */ = {
			isa = XCBuildConfiguration;
			buildSettings = {
				ALWAYS_SEARCH_USER_PATHS = NO;
				CLANG_ANALYZER_NONNULL = YES;
				CLANG_ANALYZER_NUMBER_OBJECT_CONVERSION = YES_AGGRESSIVE;
				CLANG_CXX_LANGUAGE_STANDARD = "gnu++20";
				CLANG_ENABLE_MODULES = YES;
				CLANG_ENABLE_OBJC_ARC = YES;
				CLANG_ENABLE_OBJC_WEAK = YES;
				CLANG_WARN_BLOCK_CAPTURE_AUTORELEASING = YES;
				CLANG_WARN_BOOL_CONVERSION = YES;
				CLANG_WARN_COMMA = YES;
				CLANG_WARN_CONSTANT_CONVERSION = YES;
				CLANG_WARN_DEPRECATED_OBJC_IMPLEMENTATIONS = YES;
				CLANG_WARN_DIRECT_OBJC_ISA_USAGE = YES_ERROR;
				CLANG_WARN_DOCUMENTATION_COMMENTS = YES;
				CLANG_WARN_EMPTY_BODY = YES;
				CLANG_WARN_ENUM_CONVERSION = YES;
				CLANG_WARN_INFINITE_RECURSION = YES;
				CLANG_WARN_INT_CONVERSION = YES;
				CLANG_WARN_NON_LITERAL_NULL_CONVERSION = YES;
				CLANG_WARN_OBJC_IMPLICIT_RETAIN_SELF = YES;
				CLANG_WARN_OBJC_LITERAL_CONVERSION = YES;
				CLANG_WARN_OBJC_ROOT_CLASS = YES_ERROR;
				CLANG_WARN_QUOTED_INCLUDE_IN_FRAMEWORK_HEADER = YES;
				CLANG_WARN_RANGE_LOOP_ANALYSIS = YES;
				CLANG_WARN_STRICT_PROTOTYPES = YES;
				CLANG_WARN_SUSPICIOUS_MOVE = YES;
				CLANG_WARN_UNGUARDED_AVAILABILITY = YES_AGGRESSIVE;
				CLANG_WARN_UNREACHABLE_CODE = YES;
				CLANG_WARN__DUPLICATE_METHOD_MATCH = YES;
				COPY_PHASE_STRIP = NO;
				DEBUG_INFORMATION_FORMAT = dwarf;
				ENABLE_STRICT_OBJC_MSGSEND = YES;
				ENABLE_TESTABILITY = YES;
				GCC_C_LANGUAGE_STANDARD = gnu11;
				GCC_DYNAMIC_NO_PIC = NO;
				GCC_NO_COMMON_BLOCKS = YES;
				GCC_OPTIMIZATION_LEVEL = 0;
				GCC_PREPROCESSOR_DEFINITIONS = (
					"DEBUG=1",
					"$(inherited)",
				);
				GCC_WARN_64_TO_32_BIT_CONVERSION = YES;
				GCC_WARN_ABOUT_RETURN_TYPE = YES_ERROR;
				GCC_WARN_UNDECLARED_SELECTOR = YES;
				GCC_WARN_UNINITIALIZED_AUTOS = YES_AGGRESSIVE;
				GCC_WARN_UNUSED_FUNCTION = YES;
				GCC_WARN_UNUSED_VARIABLE = YES;
				IPHONEOS_DEPLOYMENT_TARGET = 16.4;
				MTL_ENABLE_DEBUG_INFO = INCLUDE_SOURCE;
				MTL_FAST_MATH = YES;
				ONLY_ACTIVE_ARCH = YES;
				SDKROOT = iphoneos;
				SWIFT_ACTIVE_COMPILATION_CONDITIONS = DEBUG;
				SWIFT_OPTIMIZATION_LEVEL = "-Onone";
			};
			name = Debug;
		};
		DF8ECE1A2AC3B26B00E2C7BB /* Release */ = {
			isa = XCBuildConfiguration;
			buildSettings = {
				ALWAYS_SEARCH_USER_PATHS = NO;
				CLANG_ANALYZER_NONNULL = YES;
				CLANG_ANALYZER_NUMBER_OBJECT_CONVERSION = YES_AGGRESSIVE;
				CLANG_CXX_LANGUAGE_STANDARD = "gnu++20";
				CLANG_ENABLE_MODULES = YES;
				CLANG_ENABLE_OBJC_ARC = YES;
				CLANG_ENABLE_OBJC_WEAK = YES;
				CLANG_WARN_BLOCK_CAPTURE_AUTORELEASING = YES;
				CLANG_WARN_BOOL_CONVERSION = YES;
				CLANG_WARN_COMMA = YES;
				CLANG_WARN_CONSTANT_CONVERSION = YES;
				CLANG_WARN_DEPRECATED_OBJC_IMPLEMENTATIONS = YES;
				CLANG_WARN_DIRECT_OBJC_ISA_USAGE = YES_ERROR;
				CLANG_WARN_DOCUMENTATION_COMMENTS = YES;
				CLANG_WARN_EMPTY_BODY = YES;
				CLANG_WARN_ENUM_CONVERSION = YES;
				CLANG_WARN_INFINITE_RECURSION = YES;
				CLANG_WARN_INT_CONVERSION = YES;
				CLANG_WARN_NON_LITERAL_NULL_CONVERSION = YES;
				CLANG_WARN_OBJC_IMPLICIT_RETAIN_SELF = YES;
				CLANG_WARN_OBJC_LITERAL_CONVERSION = YES;
				CLANG_WARN_OBJC_ROOT_CLASS = YES_ERROR;
				CLANG_WARN_QUOTED_INCLUDE_IN_FRAMEWORK_HEADER = YES;
				CLANG_WARN_RANGE_LOOP_ANALYSIS = YES;
				CLANG_WARN_STRICT_PROTOTYPES = YES;
				CLANG_WARN_SUSPICIOUS_MOVE = YES;
				CLANG_WARN_UNGUARDED_AVAILABILITY = YES_AGGRESSIVE;
				CLANG_WARN_UNREACHABLE_CODE = YES;
				CLANG_WARN__DUPLICATE_METHOD_MATCH = YES;
				COPY_PHASE_STRIP = NO;
				DEBUG_INFORMATION_FORMAT = "dwarf-with-dsym";
				ENABLE_NS_ASSERTIONS = NO;
				ENABLE_STRICT_OBJC_MSGSEND = YES;
				GCC_C_LANGUAGE_STANDARD = gnu11;
				GCC_NO_COMMON_BLOCKS = YES;
				GCC_WARN_64_TO_32_BIT_CONVERSION = YES;
				GCC_WARN_ABOUT_RETURN_TYPE = YES_ERROR;
				GCC_WARN_UNDECLARED_SELECTOR = YES;
				GCC_WARN_UNINITIALIZED_AUTOS = YES_AGGRESSIVE;
				GCC_WARN_UNUSED_FUNCTION = YES;
				GCC_WARN_UNUSED_VARIABLE = YES;
				IPHONEOS_DEPLOYMENT_TARGET = 16.4;
				MTL_ENABLE_DEBUG_INFO = NO;
				MTL_FAST_MATH = YES;
				SDKROOT = iphoneos;
				SWIFT_COMPILATION_MODE = wholemodule;
				SWIFT_OPTIMIZATION_LEVEL = "-O";
				VALIDATE_PRODUCT = YES;
			};
			name = Release;
		};
		DF8ECE1C2AC3B26B00E2C7BB /* Debug */ = {
			isa = XCBuildConfiguration;
			buildSettings = {
				ASSETCATALOG_COMPILER_APPICON_NAME = AppIcon;
				ASSETCATALOG_COMPILER_GLOBAL_ACCENT_COLOR_NAME = AccentColor;
				CODE_SIGN_STYLE = Automatic;
				CURRENT_PROJECT_VERSION = 1;
				GENERATE_INFOPLIST_FILE = YES;
				INFOPLIST_FILE = DesafioAulaCollectionView/Info.plist;
				INFOPLIST_KEY_UIApplicationSupportsIndirectInputEvents = YES;
				INFOPLIST_KEY_UILaunchStoryboardName = LaunchScreen;
				INFOPLIST_KEY_UIMainStoryboardFile = Main;
				INFOPLIST_KEY_UISupportedInterfaceOrientations_iPad = "UIInterfaceOrientationPortrait UIInterfaceOrientationPortraitUpsideDown UIInterfaceOrientationLandscapeLeft UIInterfaceOrientationLandscapeRight";
				INFOPLIST_KEY_UISupportedInterfaceOrientations_iPhone = "UIInterfaceOrientationPortrait UIInterfaceOrientationLandscapeLeft UIInterfaceOrientationLandscapeRight";
				LD_RUNPATH_SEARCH_PATHS = (
					"$(inherited)",
					"@executable_path/Frameworks",
				);
				MARKETING_VERSION = 1.0;
				PRODUCT_BUNDLE_IDENTIFIER = com.michaelbressiani.DesafioAulaCollectionView;
				PRODUCT_NAME = "$(TARGET_NAME)";
				SWIFT_EMIT_LOC_STRINGS = YES;
				SWIFT_VERSION = 5.0;
				TARGETED_DEVICE_FAMILY = "1,2";
			};
			name = Debug;
		};
		DF8ECE1D2AC3B26B00E2C7BB /* Release */ = {
			isa = XCBuildConfiguration;
			buildSettings = {
				ASSETCATALOG_COMPILER_APPICON_NAME = AppIcon;
				ASSETCATALOG_COMPILER_GLOBAL_ACCENT_COLOR_NAME = AccentColor;
				CODE_SIGN_STYLE = Automatic;
				CURRENT_PROJECT_VERSION = 1;
				GENERATE_INFOPLIST_FILE = YES;
				INFOPLIST_FILE = DesafioAulaCollectionView/Info.plist;
				INFOPLIST_KEY_UIApplicationSupportsIndirectInputEvents = YES;
				INFOPLIST_KEY_UILaunchStoryboardName = LaunchScreen;
				INFOPLIST_KEY_UIMainStoryboardFile = Main;
				INFOPLIST_KEY_UISupportedInterfaceOrientations_iPad = "UIInterfaceOrientationPortrait UIInterfaceOrientationPortraitUpsideDown UIInterfaceOrientationLandscapeLeft UIInterfaceOrientationLandscapeRight";
				INFOPLIST_KEY_UISupportedInterfaceOrientations_iPhone = "UIInterfaceOrientationPortrait UIInterfaceOrientationLandscapeLeft UIInterfaceOrientationLandscapeRight";
				LD_RUNPATH_SEARCH_PATHS = (
					"$(inherited)",
					"@executable_path/Frameworks",
				);
				MARKETING_VERSION = 1.0;
				PRODUCT_BUNDLE_IDENTIFIER = com.michaelbressiani.DesafioAulaCollectionView;
				PRODUCT_NAME = "$(TARGET_NAME)";
				SWIFT_EMIT_LOC_STRINGS = YES;
				SWIFT_VERSION = 5.0;
				TARGETED_DEVICE_FAMILY = "1,2";
			};
			name = Release;
		};
/* End XCBuildConfiguration section */

/* Begin XCConfigurationList section */
		DF8ECE022AC3B26A00E2C7BB /* Build configuration list for PBXProject "DesafioAulaCollectionView" */ = {
			isa = XCConfigurationList;
			buildConfigurations = (
				DF8ECE192AC3B26B00E2C7BB /* Debug */,
				DF8ECE1A2AC3B26B00E2C7BB /* Release */,
			);
			defaultConfigurationIsVisible = 0;
			defaultConfigurationName = Release;
		};
		DF8ECE1B2AC3B26B00E2C7BB /* Build configuration list for PBXNativeTarget "DesafioAulaCollectionView" */ = {
			isa = XCConfigurationList;
			buildConfigurations = (
				DF8ECE1C2AC3B26B00E2C7BB /* Debug */,
				DF8ECE1D2AC3B26B00E2C7BB /* Release */,
			);
			defaultConfigurationIsVisible = 0;
			defaultConfigurationName = Release;
		};
/* End XCConfigurationList section */
	};
	rootObject = DF8ECDFF2AC3B26A00E2C7BB /* Project object */;
}
