// !$*UTF8*$!
{
	archiveVersion = 1;
	classes = {
	};
	objectVersion = 56;
	objects = {

/* Begin PBXBuildFile section */
		DFCA26892AFDAB2A00117413 /* AppDelegate.swift in Sources */ = {isa = PBXBuildFile; fileRef = DFCA26882AFDAB2A00117413 /* AppDelegate.swift */; };
		DFCA268B2AFDAB2A00117413 /* SceneDelegate.swift in Sources */ = {isa = PBXBuildFile; fileRef = DFCA268A2AFDAB2A00117413 /* SceneDelegate.swift */; };
		DFCA268D2AFDAB2A00117413 /* HistoryViewController.swift in Sources */ = {isa = PBXBuildFile; fileRef = DFCA268C2AFDAB2A00117413 /* HistoryViewController.swift */; };
		DFCA26902AFDAB2B00117413 /* Main.storyboard in Resources */ = {isa = PBXBuildFile; fileRef = DFCA268E2AFDAB2B00117413 /* Main.storyboard */; };
		DFCA26922AFDAB2C00117413 /* Assets.xcassets in Resources */ = {isa = PBXBuildFile; fileRef = DFCA26912AFDAB2C00117413 /* Assets.xcassets */; };
		DFCA26952AFDAB2C00117413 /* LaunchScreen.storyboard in Resources */ = {isa = PBXBuildFile; fileRef = DFCA26932AFDAB2C00117413 /* LaunchScreen.storyboard */; };
		DFCA269F2AFDABE000117413 /* HistoryViewModel.swift in Sources */ = {isa = PBXBuildFile; fileRef = DFCA269E2AFDABE000117413 /* HistoryViewModel.swift */; };
		DFCA26A22AFDAC9000117413 /* HistoryService.swift in Sources */ = {isa = PBXBuildFile; fileRef = DFCA26A12AFDAC9000117413 /* HistoryService.swift */; };
		DFCA26A52AFDAE3C00117413 /* History.json in Resources */ = {isa = PBXBuildFile; fileRef = DFCA26A42AFDAE3C00117413 /* History.json */; };
		DFCA26A82AFDAED100117413 /* History.swift in Sources */ = {isa = PBXBuildFile; fileRef = DFCA26A72AFDAED100117413 /* History.swift */; };
/* End PBXBuildFile section */

/* Begin PBXFileReference section */
		DFCA26852AFDAB2A00117413 /* HistoryTurma351BF.app */ = {isa = PBXFileReference; explicitFileType = wrapper.application; includeInIndex = 0; path = HistoryTurma351BF.app; sourceTree = BUILT_PRODUCTS_DIR; };
		DFCA26882AFDAB2A00117413 /* AppDelegate.swift */ = {isa = PBXFileReference; lastKnownFileType = sourcecode.swift; path = AppDelegate.swift; sourceTree = "<group>"; };
		DFCA268A2AFDAB2A00117413 /* SceneDelegate.swift */ = {isa = PBXFileReference; lastKnownFileType = sourcecode.swift; path = SceneDelegate.swift; sourceTree = "<group>"; };
		DFCA268C2AFDAB2A00117413 /* HistoryViewController.swift */ = {isa = PBXFileReference; lastKnownFileType = sourcecode.swift; path = HistoryViewController.swift; sourceTree = "<group>"; };
		DFCA268F2AFDAB2B00117413 /* Base */ = {isa = PBXFileReference; lastKnownFileType = file.storyboard; name = Base; path = Base.lproj/Main.storyboard; sourceTree = "<group>"; };
		DFCA26912AFDAB2C00117413 /* Assets.xcassets */ = {isa = PBXFileReference; lastKnownFileType = folder.assetcatalog; path = Assets.xcassets; sourceTree = "<group>"; };
		DFCA26942AFDAB2C00117413 /* Base */ = {isa = PBXFileReference; lastKnownFileType = file.storyboard; name = Base; path = Base.lproj/LaunchScreen.storyboard; sourceTree = "<group>"; };
		DFCA26962AFDAB2C00117413 /* Info.plist */ = {isa = PBXFileReference; lastKnownFileType = text.plist.xml; path = Info.plist; sourceTree = "<group>"; };
		DFCA269E2AFDABE000117413 /* HistoryViewModel.swift */ = {isa = PBXFileReference; lastKnownFileType = sourcecode.swift; path = HistoryViewModel.swift; sourceTree = "<group>"; };
		DFCA26A12AFDAC9000117413 /* HistoryService.swift */ = {isa = PBXFileReference; lastKnownFileType = sourcecode.swift; path = HistoryService.swift; sourceTree = "<group>"; };
		DFCA26A42AFDAE3C00117413 /* History.json */ = {isa = PBXFileReference; lastKnownFileType = text.json; path = History.json; sourceTree = "<group>"; };
		DFCA26A72AFDAED100117413 /* History.swift */ = {isa = PBXFileReference; lastKnownFileType = sourcecode.swift; path = History.swift; sourceTree = "<group>"; };
/* End PBXFileReference section */

/* Begin PBXFrameworksBuildPhase section */
		DFCA26822AFDAB2A00117413 /* Frameworks */ = {
			isa = PBXFrameworksBuildPhase;
			buildActionMask = 2147483647;
			files = (
			);
			runOnlyForDeploymentPostprocessing = 0;
		};
/* End PBXFrameworksBuildPhase section */

/* Begin PBXGroup section */
		DFCA267C2AFDAB2A00117413 = {
			isa = PBXGroup;
			children = (
				DFCA26872AFDAB2A00117413 /* HistoryTurma351BF */,
				DFCA26862AFDAB2A00117413 /* Products */,
			);
			sourceTree = "<group>";
		};
		DFCA26862AFDAB2A00117413 /* Products */ = {
			isa = PBXGroup;
			children = (
				DFCA26852AFDAB2A00117413 /* HistoryTurma351BF.app */,
			);
			name = Products;
			sourceTree = "<group>";
		};
		DFCA26872AFDAB2A00117413 /* HistoryTurma351BF */ = {
			isa = PBXGroup;
			children = (
				DFCA26A62AFDAEB100117413 /* Model */,
				DFCA269C2AFDAB9100117413 /* History */,
				DFCA26882AFDAB2A00117413 /* AppDelegate.swift */,
				DFCA268A2AFDAB2A00117413 /* SceneDelegate.swift */,
				DFCA26912AFDAB2C00117413 /* Assets.xcassets */,
				DFCA26932AFDAB2C00117413 /* LaunchScreen.storyboard */,
				DFCA26962AFDAB2C00117413 /* Info.plist */,
			);
			path = HistoryTurma351BF;
			sourceTree = "<group>";
		};
		DFCA269C2AFDAB9100117413 /* History */ = {
			isa = PBXGroup;
			children = (
				DFCA26A32AFDADE700117413 /* Mock */,
				DFCA26A02AFDAC7000117413 /* Service */,
				DFCA269D2AFDABCE00117413 /* ViewModel */,
				DFCA268E2AFDAB2B00117413 /* Main.storyboard */,
				DFCA268C2AFDAB2A00117413 /* HistoryViewController.swift */,
			);
			path = History;
			sourceTree = "<group>";
		};
		DFCA269D2AFDABCE00117413 /* ViewModel */ = {
			isa = PBXGroup;
			children = (
				DFCA269E2AFDABE000117413 /* HistoryViewModel.swift */,
			);
			path = ViewModel;
			sourceTree = "<group>";
		};
		DFCA26A02AFDAC7000117413 /* Service */ = {
			isa = PBXGroup;
			children = (
				DFCA26A12AFDAC9000117413 /* HistoryService.swift */,
			);
			path = Service;
			sourceTree = "<group>";
		};
		DFCA26A32AFDADE700117413 /* Mock */ = {
			isa = PBXGroup;
			children = (
				DFCA26A42AFDAE3C00117413 /* History.json */,
			);
			path = Mock;
			sourceTree = "<group>";
		};
		DFCA26A62AFDAEB100117413 /* Model */ = {
			isa = PBXGroup;
			children = (
				DFCA26A72AFDAED100117413 /* History.swift */,
			);
			path = Model;
			sourceTree = "<group>";
		};
/* End PBXGroup section */

/* Begin PBXNativeTarget section */
		DFCA26842AFDAB2A00117413 /* HistoryTurma351BF */ = {
			isa = PBXNativeTarget;
			buildConfigurationList = DFCA26992AFDAB2C00117413 /* Build configuration list for PBXNativeTarget "HistoryTurma351BF" */;
			buildPhases = (
				DFCA26812AFDAB2A00117413 /* Sources */,
				DFCA26822AFDAB2A00117413 /* Frameworks */,
				DFCA26832AFDAB2A00117413 /* Resources */,
			);
			buildRules = (
			);
			dependencies = (
			);
			name = HistoryTurma351BF;
			productName = HistoryTurma351BF;
			productReference = DFCA26852AFDAB2A00117413 /* HistoryTurma351BF.app */;
			productType = "com.apple.product-type.application";
		};
/* End PBXNativeTarget section */

/* Begin PBXProject section */
		DFCA267D2AFDAB2A00117413 /* Project object */ = {
			isa = PBXProject;
			attributes = {
				BuildIndependentTargetsInParallel = 1;
				LastSwiftUpdateCheck = 1500;
				LastUpgradeCheck = 1500;
				TargetAttributes = {
					DFCA26842AFDAB2A00117413 = {
						CreatedOnToolsVersion = 15.0;
					};
				};
			};
			buildConfigurationList = DFCA26802AFDAB2A00117413 /* Build configuration list for PBXProject "HistoryTurma351BF" */;
			compatibilityVersion = "Xcode 14.0";
			developmentRegion = en;
			hasScannedForEncodings = 0;
			knownRegions = (
				en,
				Base,
			);
			mainGroup = DFCA267C2AFDAB2A00117413;
			productRefGroup = DFCA26862AFDAB2A00117413 /* Products */;
			projectDirPath = "";
			projectRoot = "";
			targets = (
				DFCA26842AFDAB2A00117413 /* HistoryTurma351BF */,
			);
		};
/* End PBXProject section */

/* Begin PBXResourcesBuildPhase section */
		DFCA26832AFDAB2A00117413 /* Resources */ = {
			isa = PBXResourcesBuildPhase;
			buildActionMask = 2147483647;
			files = (
				DFCA26952AFDAB2C00117413 /* LaunchScreen.storyboard in Resources */,
				DFCA26922AFDAB2C00117413 /* Assets.xcassets in Resources */,
				DFCA26A52AFDAE3C00117413 /* History.json in Resources */,
				DFCA26902AFDAB2B00117413 /* Main.storyboard in Resources */,
			);
			runOnlyForDeploymentPostprocessing = 0;
		};
/* End PBXResourcesBuildPhase section */

/* Begin PBXSourcesBuildPhase section */
		DFCA26812AFDAB2A00117413 /* Sources */ = {
			isa = PBXSourcesBuildPhase;
			buildActionMask = 2147483647;
			files = (
				DFCA26A82AFDAED100117413 /* History.swift in Sources */,
				DFCA268D2AFDAB2A00117413 /* HistoryViewController.swift in Sources */,
				DFCA26892AFDAB2A00117413 /* AppDelegate.swift in Sources */,
				DFCA26A22AFDAC9000117413 /* HistoryService.swift in Sources */,
				DFCA268B2AFDAB2A00117413 /* SceneDelegate.swift in Sources */,
				DFCA269F2AFDABE000117413 /* HistoryViewModel.swift in Sources */,
			);
			runOnlyForDeploymentPostprocessing = 0;
		};
/* End PBXSourcesBuildPhase section */

/* Begin PBXVariantGroup section */
		DFCA268E2AFDAB2B00117413 /* Main.storyboard */ = {
			isa = PBXVariantGroup;
			children = (
				DFCA268F2AFDAB2B00117413 /* Base */,
			);
			name = Main.storyboard;
			sourceTree = "<group>";
		};
		DFCA26932AFDAB2C00117413 /* LaunchScreen.storyboard */ = {
			isa = PBXVariantGroup;
			children = (
				DFCA26942AFDAB2C00117413 /* Base */,
			);
			name = LaunchScreen.storyboard;
			sourceTree = "<group>";
		};
/* End PBXVariantGroup section */

/* Begin XCBuildConfiguration section */
		DFCA26972AFDAB2C00117413 /* Debug */ = {
			isa = XCBuildConfiguration;
			buildSettings = {
				ALWAYS_SEARCH_USER_PATHS = NO;
				ASSETCATALOG_COMPILER_GENERATE_SWIFT_ASSET_SYMBOL_EXTENSIONS = YES;
				CLANG_ANALYZER_NONNULL = YES;
				CLANG_ANALYZER_NUMBER_OBJECT_CONVERSION = YES_AGGRESSIVE;
				CLANG_CXX_LANGUAGE_STANDARD = "gnu++20";
				CLANG_ENABLE_MODULES = YES;
				CLANG_ENABLE_OBJC_ARC = YES;
				CLANG_ENABLE_OBJC_WEAK = YES;
				CLANG_WARN_BLOCK_CAPTURE_AUTORELEASING = YES;
				CLANG_WARN_BOOL_CONVERSION = YES;
				CLANG_WARN_COMMA = YES;
				CLANG_WARN_CONSTANT_CONVERSION = YES;
				CLANG_WARN_DEPRECATED_OBJC_IMPLEMENTATIONS = YES;
				CLANG_WARN_DIRECT_OBJC_ISA_USAGE = YES_ERROR;
				CLANG_WARN_DOCUMENTATION_COMMENTS = YES;
				CLANG_WARN_EMPTY_BODY = YES;
				CLANG_WARN_ENUM_CONVERSION = YES;
				CLANG_WARN_INFINITE_RECURSION = YES;
				CLANG_WARN_INT_CONVERSION = YES;
				CLANG_WARN_NON_LITERAL_NULL_CONVERSION = YES;
				CLANG_WARN_OBJC_IMPLICIT_RETAIN_SELF = YES;
				CLANG_WARN_OBJC_LITERAL_CONVERSION = YES;
				CLANG_WARN_OBJC_ROOT_CLASS = YES_ERROR;
				CLANG_WARN_QUOTED_INCLUDE_IN_FRAMEWORK_HEADER = YES;
				CLANG_WARN_RANGE_LOOP_ANALYSIS = YES;
				CLANG_WARN_STRICT_PROTOTYPES = YES;
				CLANG_WARN_SUSPICIOUS_MOVE = YES;
				CLANG_WARN_UNGUARDED_AVAILABILITY = YES_AGGRESSIVE;
				CLANG_WARN_UNREACHABLE_CODE = YES;
				CLANG_WARN__DUPLICATE_METHOD_MATCH = YES;
				COPY_PHASE_STRIP = NO;
				DEBUG_INFORMATION_FORMAT = dwarf;
				ENABLE_STRICT_OBJC_MSGSEND = YES;
				ENABLE_TESTABILITY = YES;
				ENABLE_USER_SCRIPT_SANDBOXING = YES;
				GCC_C_LANGUAGE_STANDARD = gnu17;
				GCC_DYNAMIC_NO_PIC = NO;
				GCC_NO_COMMON_BLOCKS = YES;
				GCC_OPTIMIZATION_LEVEL = 0;
				GCC_PREPROCESSOR_DEFINITIONS = (
					"DEBUG=1",
					"$(inherited)",
				);
				GCC_WARN_64_TO_32_BIT_CONVERSION = YES;
				GCC_WARN_ABOUT_RETURN_TYPE = YES_ERROR;
				GCC_WARN_UNDECLARED_SELECTOR = YES;
				GCC_WARN_UNINITIALIZED_AUTOS = YES_AGGRESSIVE;
				GCC_WARN_UNUSED_FUNCTION = YES;
				GCC_WARN_UNUSED_VARIABLE = YES;
				IPHONEOS_DEPLOYMENT_TARGET = 17.0;
				LOCALIZATION_PREFERS_STRING_CATALOGS = YES;
				MTL_ENABLE_DEBUG_INFO = INCLUDE_SOURCE;
				MTL_FAST_MATH = YES;
				ONLY_ACTIVE_ARCH = YES;
				SDKROOT = iphoneos;
				SWIFT_ACTIVE_COMPILATION_CONDITIONS = "DEBUG $(inherited)";
				SWIFT_OPTIMIZATION_LEVEL = "-Onone";
			};
			name = Debug;
		};
		DFCA26982AFDAB2C00117413 /* Release */ = {
			isa = XCBuildConfiguration;
			buildSettings = {
				ALWAYS_SEARCH_USER_PATHS = NO;
				ASSETCATALOG_COMPILER_GENERATE_SWIFT_ASSET_SYMBOL_EXTENSIONS = YES;
				CLANG_ANALYZER_NONNULL = YES;
				CLANG_ANALYZER_NUMBER_OBJECT_CONVERSION = YES_AGGRESSIVE;
				CLANG_CXX_LANGUAGE_STANDARD = "gnu++20";
				CLANG_ENABLE_MODULES = YES;
				CLANG_ENABLE_OBJC_ARC = YES;
				CLANG_ENABLE_OBJC_WEAK = YES;
				CLANG_WARN_BLOCK_CAPTURE_AUTORELEASING = YES;
				CLANG_WARN_BOOL_CONVERSION = YES;
				CLANG_WARN_COMMA = YES;
				CLANG_WARN_CONSTANT_CONVERSION = YES;
				CLANG_WARN_DEPRECATED_OBJC_IMPLEMENTATIONS = YES;
				CLANG_WARN_DIRECT_OBJC_ISA_USAGE = YES_ERROR;
				CLANG_WARN_DOCUMENTATION_COMMENTS = YES;
				CLANG_WARN_EMPTY_BODY = YES;
				CLANG_WARN_ENUM_CONVERSION = YES;
				CLANG_WARN_INFINITE_RECURSION = YES;
				CLANG_WARN_INT_CONVERSION = YES;
				CLANG_WARN_NON_LITERAL_NULL_CONVERSION = YES;
				CLANG_WARN_OBJC_IMPLICIT_RETAIN_SELF = YES;
				CLANG_WARN_OBJC_LITERAL_CONVERSION = YES;
				CLANG_WARN_OBJC_ROOT_CLASS = YES_ERROR;
				CLANG_WARN_QUOTED_INCLUDE_IN_FRAMEWORK_HEADER = YES;
				CLANG_WARN_RANGE_LOOP_ANALYSIS = YES;
				CLANG_WARN_STRICT_PROTOTYPES = YES;
				CLANG_WARN_SUSPICIOUS_MOVE = YES;
				CLANG_WARN_UNGUARDED_AVAILABILITY = YES_AGGRESSIVE;
				CLANG_WARN_UNREACHABLE_CODE = YES;
				CLANG_WARN__DUPLICATE_METHOD_MATCH = YES;
				COPY_PHASE_STRIP = NO;
				DEBUG_INFORMATION_FORMAT = "dwarf-with-dsym";
				ENABLE_NS_ASSERTIONS = NO;
				ENABLE_STRICT_OBJC_MSGSEND = YES;
				ENABLE_USER_SCRIPT_SANDBOXING = YES;
				GCC_C_LANGUAGE_STANDARD = gnu17;
				GCC_NO_COMMON_BLOCKS = YES;
				GCC_WARN_64_TO_32_BIT_CONVERSION = YES;
				GCC_WARN_ABOUT_RETURN_TYPE = YES_ERROR;
				GCC_WARN_UNDECLARED_SELECTOR = YES;
				GCC_WARN_UNINITIALIZED_AUTOS = YES_AGGRESSIVE;
				GCC_WARN_UNUSED_FUNCTION = YES;
				GCC_WARN_UNUSED_VARIABLE = YES;
				IPHONEOS_DEPLOYMENT_TARGET = 17.0;
				LOCALIZATION_PREFERS_STRING_CATALOGS = YES;
				MTL_ENABLE_DEBUG_INFO = NO;
				MTL_FAST_MATH = YES;
				SDKROOT = iphoneos;
				SWIFT_COMPILATION_MODE = wholemodule;
				VALIDATE_PRODUCT = YES;
			};
			name = Release;
		};
		DFCA269A2AFDAB2C00117413 /* Debug */ = {
			isa = XCBuildConfiguration;
			buildSettings = {
				ASSETCATALOG_COMPILER_APPICON_NAME = AppIcon;
				ASSETCATALOG_COMPILER_GLOBAL_ACCENT_COLOR_NAME = AccentColor;
				CODE_SIGN_STYLE = Automatic;
				CURRENT_PROJECT_VERSION = 1;
				GENERATE_INFOPLIST_FILE = YES;
				INFOPLIST_FILE = HistoryTurma351BF/Info.plist;
				INFOPLIST_KEY_UIApplicationSupportsIndirectInputEvents = YES;
				INFOPLIST_KEY_UILaunchStoryboardName = LaunchScreen;
				INFOPLIST_KEY_UIMainStoryboardFile = Main;
				INFOPLIST_KEY_UISupportedInterfaceOrientations_iPad = "UIInterfaceOrientationPortrait UIInterfaceOrientationPortraitUpsideDown UIInterfaceOrientationLandscapeLeft UIInterfaceOrientationLandscapeRight";
				INFOPLIST_KEY_UISupportedInterfaceOrientations_iPhone = "UIInterfaceOrientationPortrait UIInterfaceOrientationLandscapeLeft UIInterfaceOrientationLandscapeRight";
				LD_RUNPATH_SEARCH_PATHS = (
					"$(inherited)",
					"@executable_path/Frameworks",
				);
				MARKETING_VERSION = 1.0;
				PRODUCT_BUNDLE_IDENTIFIER = com.michaelbressiani.HistoryTurma351BF;
				PRODUCT_NAME = "$(TARGET_NAME)";
				SWIFT_EMIT_LOC_STRINGS = YES;
				SWIFT_VERSION = 5.0;
				TARGETED_DEVICE_FAMILY = "1,2";
			};
			name = Debug;
		};
		DFCA269B2AFDAB2C00117413 /* Release */ = {
			isa = XCBuildConfiguration;
			buildSettings = {
				ASSETCATALOG_COMPILER_APPICON_NAME = AppIcon;
				ASSETCATALOG_COMPILER_GLOBAL_ACCENT_COLOR_NAME = AccentColor;
				CODE_SIGN_STYLE = Automatic;
				CURRENT_PROJECT_VERSION = 1;
				GENERATE_INFOPLIST_FILE = YES;
				INFOPLIST_FILE = HistoryTurma351BF/Info.plist;
				INFOPLIST_KEY_UIApplicationSupportsIndirectInputEvents = YES;
				INFOPLIST_KEY_UILaunchStoryboardName = LaunchScreen;
				INFOPLIST_KEY_UIMainStoryboardFile = Main;
				INFOPLIST_KEY_UISupportedInterfaceOrientations_iPad = "UIInterfaceOrientationPortrait UIInterfaceOrientationPortraitUpsideDown UIInterfaceOrientationLandscapeLeft UIInterfaceOrientationLandscapeRight";
				INFOPLIST_KEY_UISupportedInterfaceOrientations_iPhone = "UIInterfaceOrientationPortrait UIInterfaceOrientationLandscapeLeft UIInterfaceOrientationLandscapeRight";
				LD_RUNPATH_SEARCH_PATHS = (
					"$(inherited)",
					"@executable_path/Frameworks",
				);
				MARKETING_VERSION = 1.0;
				PRODUCT_BUNDLE_IDENTIFIER = com.michaelbressiani.HistoryTurma351BF;
				PRODUCT_NAME = "$(TARGET_NAME)";
				SWIFT_EMIT_LOC_STRINGS = YES;
				SWIFT_VERSION = 5.0;
				TARGETED_DEVICE_FAMILY = "1,2";
			};
			name = Release;
		};
/* End XCBuildConfiguration section */

/* Begin XCConfigurationList section */
		DFCA26802AFDAB2A00117413 /* Build configuration list for PBXProject "HistoryTurma351BF" */ = {
			isa = XCConfigurationList;
			buildConfigurations = (
				DFCA26972AFDAB2C00117413 /* Debug */,
				DFCA26982AFDAB2C00117413 /* Release */,
			);
			defaultConfigurationIsVisible = 0;
			defaultConfigurationName = Release;
		};
		DFCA26992AFDAB2C00117413 /* Build configuration list for PBXNativeTarget "HistoryTurma351BF" */ = {
			isa = XCConfigurationList;
			buildConfigurations = (
				DFCA269A2AFDAB2C00117413 /* Debug */,
				DFCA269B2AFDAB2C00117413 /* Release */,
			);
			defaultConfigurationIsVisible = 0;
			defaultConfigurationName = Release;
		};
/* End XCConfigurationList section */
	};
	rootObject = DFCA267D2AFDAB2A00117413 /* Project object */;
}
