// !$*UTF8*$!
{
	archiveVersion = 1;
	classes = {
	};
	objectVersion = 56;
	objects = {

/* Begin PBXBuildFile section */
		DF7D794D2AC2E90B00FD5923 /* AppDelegate.swift in Sources */ = {isa = PBXBuildFile; fileRef = DF7D794C2AC2E90B00FD5923 /* AppDelegate.swift */; };
		DF7D794F2AC2E90B00FD5923 /* SceneDelegate.swift in Sources */ = {isa = PBXBuildFile; fileRef = DF7D794E2AC2E90B00FD5923 /* SceneDelegate.swift */; };
		DF7D79512AC2E90B00FD5923 /* ViewController.swift in Sources */ = {isa = PBXBuildFile; fileRef = DF7D79502AC2E90B00FD5923 /* ViewController.swift */; };
		DF7D79542AC2E90B00FD5923 /* Main.storyboard in Resources */ = {isa = PBXBuildFile; fileRef = DF7D79522AC2E90B00FD5923 /* Main.storyboard */; };
		DF7D79562AC2E90C00FD5923 /* Assets.xcassets in Resources */ = {isa = PBXBuildFile; fileRef = DF7D79552AC2E90C00FD5923 /* Assets.xcassets */; };
		DF7D79592AC2E90C00FD5923 /* LaunchScreen.storyboard in Resources */ = {isa = PBXBuildFile; fileRef = DF7D79572AC2E90C00FD5923 /* LaunchScreen.storyboard */; };
		DF7D79632AC2EAFD00FD5923 /* TableViewCell.swift in Sources */ = {isa = PBXBuildFile; fileRef = DF7D79612AC2EAFD00FD5923 /* TableViewCell.swift */; };
		DF7D79642AC2EAFD00FD5923 /* TableViewCell.xib in Resources */ = {isa = PBXBuildFile; fileRef = DF7D79622AC2EAFD00FD5923 /* TableViewCell.xib */; };
		DF7D79672AC2EB9D00FD5923 /* Frutas.swift in Sources */ = {isa = PBXBuildFile; fileRef = DF7D79662AC2EB9D00FD5923 /* Frutas.swift */; };
		DF7D796B2AC2F44500FD5923 /* Tela2ViewController.swift in Sources */ = {isa = PBXBuildFile; fileRef = DF7D796A2AC2F44500FD5923 /* Tela2ViewController.swift */; };
		DF7D796D2AC2F45800FD5923 /* Tela2ViewController.storyboard in Resources */ = {isa = PBXBuildFile; fileRef = DF7D796C2AC2F45800FD5923 /* Tela2ViewController.storyboard */; };
		DF7D79702AC2F63900FD5923 /* Ex2ViewCell.swift in Sources */ = {isa = PBXBuildFile; fileRef = DF7D796E2AC2F63900FD5923 /* Ex2ViewCell.swift */; };
		DF7D79712AC2F63900FD5923 /* Ex2ViewCell.xib in Resources */ = {isa = PBXBuildFile; fileRef = DF7D796F2AC2F63900FD5923 /* Ex2ViewCell.xib */; };
		DF7D79732AC2F87300FD5923 /* Pessoa.swift in Sources */ = {isa = PBXBuildFile; fileRef = DF7D79722AC2F87300FD5923 /* Pessoa.swift */; };
		DFA16E522AD18D4000343317 /* Tela03ViewController.swift in Sources */ = {isa = PBXBuildFile; fileRef = DFA16E512AD18D4000343317 /* Tela03ViewController.swift */; };
		DFA16E542AD18D7700343317 /* Tela03ViewController.storyboard in Resources */ = {isa = PBXBuildFile; fileRef = DFA16E532AD18D7700343317 /* Tela03ViewController.storyboard */; };
		DFA16E562AD18D9700343317 /* Tela04ViewController.swift in Sources */ = {isa = PBXBuildFile; fileRef = DFA16E552AD18D9700343317 /* Tela04ViewController.swift */; };
		DFA16E582AD18DA500343317 /* Tela04ViewController.storyboard in Resources */ = {isa = PBXBuildFile; fileRef = DFA16E572AD18DA500343317 /* Tela04ViewController.storyboard */; };
		DFA16E5A2AD18DBF00343317 /* Tela05ViewController.swift in Sources */ = {isa = PBXBuildFile; fileRef = DFA16E592AD18DBF00343317 /* Tela05ViewController.swift */; };
		DFA16E5C2AD18DCA00343317 /* Tela05ViewController.storyboard in Resources */ = {isa = PBXBuildFile; fileRef = DFA16E5B2AD18DCA00343317 /* Tela05ViewController.storyboard */; };
		DFA16E5E2AD18E1300343317 /* Tela06ViewController.swift in Sources */ = {isa = PBXBuildFile; fileRef = DFA16E5D2AD18E1300343317 /* Tela06ViewController.swift */; };
		DFA16E602AD18E1F00343317 /* Tela06ViewController.storyboard in Resources */ = {isa = PBXBuildFile; fileRef = DFA16E5F2AD18E1F00343317 /* Tela06ViewController.storyboard */; };
/* End PBXBuildFile section */

/* Begin PBXFileReference section */
		DF7D79492AC2E90B00FD5923 /* Desafio6Turma351BF.app */ = {isa = PBXFileReference; explicitFileType = wrapper.application; includeInIndex = 0; path = Desafio6Turma351BF.app; sourceTree = BUILT_PRODUCTS_DIR; };
		DF7D794C2AC2E90B00FD5923 /* AppDelegate.swift */ = {isa = PBXFileReference; lastKnownFileType = sourcecode.swift; path = AppDelegate.swift; sourceTree = "<group>"; };
		DF7D794E2AC2E90B00FD5923 /* SceneDelegate.swift */ = {isa = PBXFileReference; lastKnownFileType = sourcecode.swift; path = SceneDelegate.swift; sourceTree = "<group>"; };
		DF7D79502AC2E90B00FD5923 /* ViewController.swift */ = {isa = PBXFileReference; lastKnownFileType = sourcecode.swift; path = ViewController.swift; sourceTree = "<group>"; };
		DF7D79532AC2E90B00FD5923 /* Base */ = {isa = PBXFileReference; lastKnownFileType = file.storyboard; name = Base; path = Base.lproj/Main.storyboard; sourceTree = "<group>"; };
		DF7D79552AC2E90C00FD5923 /* Assets.xcassets */ = {isa = PBXFileReference; lastKnownFileType = folder.assetcatalog; path = Assets.xcassets; sourceTree = "<group>"; };
		DF7D79582AC2E90C00FD5923 /* Base */ = {isa = PBXFileReference; lastKnownFileType = file.storyboard; name = Base; path = Base.lproj/LaunchScreen.storyboard; sourceTree = "<group>"; };
		DF7D795A2AC2E90C00FD5923 /* Info.plist */ = {isa = PBXFileReference; lastKnownFileType = text.plist.xml; path = Info.plist; sourceTree = "<group>"; };
		DF7D79612AC2EAFD00FD5923 /* TableViewCell.swift */ = {isa = PBXFileReference; lastKnownFileType = sourcecode.swift; path = TableViewCell.swift; sourceTree = "<group>"; };
		DF7D79622AC2EAFD00FD5923 /* TableViewCell.xib */ = {isa = PBXFileReference; lastKnownFileType = file.xib; path = TableViewCell.xib; sourceTree = "<group>"; };
		DF7D79662AC2EB9D00FD5923 /* Frutas.swift */ = {isa = PBXFileReference; lastKnownFileType = sourcecode.swift; path = Frutas.swift; sourceTree = "<group>"; };
		DF7D796A2AC2F44500FD5923 /* Tela2ViewController.swift */ = {isa = PBXFileReference; lastKnownFileType = sourcecode.swift; path = Tela2ViewController.swift; sourceTree = "<group>"; };
		DF7D796C2AC2F45800FD5923 /* Tela2ViewController.storyboard */ = {isa = PBXFileReference; lastKnownFileType = file.storyboard; path = Tela2ViewController.storyboard; sourceTree = "<group>"; };
		DF7D796E2AC2F63900FD5923 /* Ex2ViewCell.swift */ = {isa = PBXFileReference; lastKnownFileType = sourcecode.swift; path = Ex2ViewCell.swift; sourceTree = "<group>"; };
		DF7D796F2AC2F63900FD5923 /* Ex2ViewCell.xib */ = {isa = PBXFileReference; lastKnownFileType = file.xib; path = Ex2ViewCell.xib; sourceTree = "<group>"; };
		DF7D79722AC2F87300FD5923 /* Pessoa.swift */ = {isa = PBXFileReference; lastKnownFileType = sourcecode.swift; path = Pessoa.swift; sourceTree = "<group>"; };
		DFA16E512AD18D4000343317 /* Tela03ViewController.swift */ = {isa = PBXFileReference; lastKnownFileType = sourcecode.swift; path = Tela03ViewController.swift; sourceTree = "<group>"; };
		DFA16E532AD18D7700343317 /* Tela03ViewController.storyboard */ = {isa = PBXFileReference; lastKnownFileType = file.storyboard; path = Tela03ViewController.storyboard; sourceTree = "<group>"; };
		DFA16E552AD18D9700343317 /* Tela04ViewController.swift */ = {isa = PBXFileReference; lastKnownFileType = sourcecode.swift; path = Tela04ViewController.swift; sourceTree = "<group>"; };
		DFA16E572AD18DA500343317 /* Tela04ViewController.storyboard */ = {isa = PBXFileReference; lastKnownFileType = file.storyboard; path = Tela04ViewController.storyboard; sourceTree = "<group>"; };
		DFA16E592AD18DBF00343317 /* Tela05ViewController.swift */ = {isa = PBXFileReference; lastKnownFileType = sourcecode.swift; path = Tela05ViewController.swift; sourceTree = "<group>"; };
		DFA16E5B2AD18DCA00343317 /* Tela05ViewController.storyboard */ = {isa = PBXFileReference; lastKnownFileType = file.storyboard; path = Tela05ViewController.storyboard; sourceTree = "<group>"; };
		DFA16E5D2AD18E1300343317 /* Tela06ViewController.swift */ = {isa = PBXFileReference; lastKnownFileType = sourcecode.swift; path = Tela06ViewController.swift; sourceTree = "<group>"; };
		DFA16E5F2AD18E1F00343317 /* Tela06ViewController.storyboard */ = {isa = PBXFileReference; lastKnownFileType = file.storyboard; path = Tela06ViewController.storyboard; sourceTree = "<group>"; };
/* End PBXFileReference section */

/* Begin PBXFrameworksBuildPhase section */
		DF7D79462AC2E90B00FD5923 /* Frameworks */ = {
			isa = PBXFrameworksBuildPhase;
			buildActionMask = 2147483647;
			files = (
			);
			runOnlyForDeploymentPostprocessing = 0;
		};
/* End PBXFrameworksBuildPhase section */

/* Begin PBXGroup section */
		DF7D79402AC2E90B00FD5923 = {
			isa = PBXGroup;
			children = (
				DF7D794B2AC2E90B00FD5923 /* Desafio6Turma351BF */,
				DF7D794A2AC2E90B00FD5923 /* Products */,
			);
			sourceTree = "<group>";
		};
		DF7D794A2AC2E90B00FD5923 /* Products */ = {
			isa = PBXGroup;
			children = (
				DF7D79492AC2E90B00FD5923 /* Desafio6Turma351BF.app */,
			);
			name = Products;
			sourceTree = "<group>";
		};
		DF7D794B2AC2E90B00FD5923 /* Desafio6Turma351BF */ = {
			isa = PBXGroup;
			children = (
				DFA16E502AD18D2300343317 /* Tela06 */,
				DFA16E4F2AD18D1C00343317 /* Tela05 */,
				DFA16E4E2AD18D1500343317 /* Tela04 */,
				DFA16E4D2AD18CEC00343317 /* Tela03 */,
				DF7D79692AC2F41700FD5923 /* Tela02 */,
				DF7D79682AC2F37400FD5923 /* Tela01 */,
				DF7D79652AC2EB8700FD5923 /* Models */,
				DF7D79602AC2EAE400FD5923 /* Cells */,
				DF7D794C2AC2E90B00FD5923 /* AppDelegate.swift */,
				DF7D794E2AC2E90B00FD5923 /* SceneDelegate.swift */,
				DF7D79552AC2E90C00FD5923 /* Assets.xcassets */,
				DF7D79572AC2E90C00FD5923 /* LaunchScreen.storyboard */,
				DF7D795A2AC2E90C00FD5923 /* Info.plist */,
			);
			path = Desafio6Turma351BF;
			sourceTree = "<group>";
		};
		DF7D79602AC2EAE400FD5923 /* Cells */ = {
			isa = PBXGroup;
			children = (
				DF7D79612AC2EAFD00FD5923 /* TableViewCell.swift */,
				DF7D79622AC2EAFD00FD5923 /* TableViewCell.xib */,
				DF7D796E2AC2F63900FD5923 /* Ex2ViewCell.swift */,
				DF7D796F2AC2F63900FD5923 /* Ex2ViewCell.xib */,
			);
			path = Cells;
			sourceTree = "<group>";
		};
		DF7D79652AC2EB8700FD5923 /* Models */ = {
			isa = PBXGroup;
			children = (
				DF7D79662AC2EB9D00FD5923 /* Frutas.swift */,
				DF7D79722AC2F87300FD5923 /* Pessoa.swift */,
			);
			path = Models;
			sourceTree = "<group>";
		};
		DF7D79682AC2F37400FD5923 /* Tela01 */ = {
			isa = PBXGroup;
			children = (
				DF7D79502AC2E90B00FD5923 /* ViewController.swift */,
				DF7D79522AC2E90B00FD5923 /* Main.storyboard */,
			);
			path = Tela01;
			sourceTree = "<group>";
		};
		DF7D79692AC2F41700FD5923 /* Tela02 */ = {
			isa = PBXGroup;
			children = (
				DF7D796A2AC2F44500FD5923 /* Tela2ViewController.swift */,
				DF7D796C2AC2F45800FD5923 /* Tela2ViewController.storyboard */,
			);
			path = Tela02;
			sourceTree = "<group>";
		};
		DFA16E4D2AD18CEC00343317 /* Tela03 */ = {
			isa = PBXGroup;
			children = (
				DFA16E512AD18D4000343317 /* Tela03ViewController.swift */,
				DFA16E532AD18D7700343317 /* Tela03ViewController.storyboard */,
			);
			path = Tela03;
			sourceTree = "<group>";
		};
		DFA16E4E2AD18D1500343317 /* Tela04 */ = {
			isa = PBXGroup;
			children = (
				DFA16E552AD18D9700343317 /* Tela04ViewController.swift */,
				DFA16E572AD18DA500343317 /* Tela04ViewController.storyboard */,
			);
			path = Tela04;
			sourceTree = "<group>";
		};
		DFA16E4F2AD18D1C00343317 /* Tela05 */ = {
			isa = PBXGroup;
			children = (
				DFA16E592AD18DBF00343317 /* Tela05ViewController.swift */,
				DFA16E5B2AD18DCA00343317 /* Tela05ViewController.storyboard */,
			);
			path = Tela05;
			sourceTree = "<group>";
		};
		DFA16E502AD18D2300343317 /* Tela06 */ = {
			isa = PBXGroup;
			children = (
				DFA16E5D2AD18E1300343317 /* Tela06ViewController.swift */,
				DFA16E5F2AD18E1F00343317 /* Tela06ViewController.storyboard */,
			);
			path = Tela06;
			sourceTree = "<group>";
		};
/* End PBXGroup section */

/* Begin PBXNativeTarget section */
		DF7D79482AC2E90B00FD5923 /* Desafio6Turma351BF */ = {
			isa = PBXNativeTarget;
			buildConfigurationList = DF7D795D2AC2E90C00FD5923 /* Build configuration list for PBXNativeTarget "Desafio6Turma351BF" */;
			buildPhases = (
				DF7D79452AC2E90B00FD5923 /* Sources */,
				DF7D79462AC2E90B00FD5923 /* Frameworks */,
				DF7D79472AC2E90B00FD5923 /* Resources */,
			);
			buildRules = (
			);
			dependencies = (
			);
			name = Desafio6Turma351BF;
			productName = Desafio6Turma351BF;
			productReference = DF7D79492AC2E90B00FD5923 /* Desafio6Turma351BF.app */;
			productType = "com.apple.product-type.application";
		};
/* End PBXNativeTarget section */

/* Begin PBXProject section */
		DF7D79412AC2E90B00FD5923 /* Project object */ = {
			isa = PBXProject;
			attributes = {
				BuildIndependentTargetsInParallel = 1;
				LastSwiftUpdateCheck = 1430;
				LastUpgradeCheck = 1430;
				TargetAttributes = {
					DF7D79482AC2E90B00FD5923 = {
						CreatedOnToolsVersion = 14.3.1;
					};
				};
			};
			buildConfigurationList = DF7D79442AC2E90B00FD5923 /* Build configuration list for PBXProject "Desafio6Turma351BF" */;
			compatibilityVersion = "Xcode 14.0";
			developmentRegion = en;
			hasScannedForEncodings = 0;
			knownRegions = (
				en,
				Base,
			);
			mainGroup = DF7D79402AC2E90B00FD5923;
			productRefGroup = DF7D794A2AC2E90B00FD5923 /* Products */;
			projectDirPath = "";
			projectRoot = "";
			targets = (
				DF7D79482AC2E90B00FD5923 /* Desafio6Turma351BF */,
			);
		};
/* End PBXProject section */

/* Begin PBXResourcesBuildPhase section */
		DF7D79472AC2E90B00FD5923 /* Resources */ = {
			isa = PBXResourcesBuildPhase;
			buildActionMask = 2147483647;
			files = (
				DF7D79712AC2F63900FD5923 /* Ex2ViewCell.xib in Resources */,
				DF7D79592AC2E90C00FD5923 /* LaunchScreen.storyboard in Resources */,
				DFA16E542AD18D7700343317 /* Tela03ViewController.storyboard in Resources */,
				DF7D79642AC2EAFD00FD5923 /* TableViewCell.xib in Resources */,
				DF7D796D2AC2F45800FD5923 /* Tela2ViewController.storyboard in Resources */,
				DFA16E602AD18E1F00343317 /* Tela06ViewController.storyboard in Resources */,
				DF7D79562AC2E90C00FD5923 /* Assets.xcassets in Resources */,
				DFA16E5C2AD18DCA00343317 /* Tela05ViewController.storyboard in Resources */,
				DF7D79542AC2E90B00FD5923 /* Main.storyboard in Resources */,
				DFA16E582AD18DA500343317 /* Tela04ViewController.storyboard in Resources */,
			);
			runOnlyForDeploymentPostprocessing = 0;
		};
/* End PBXResourcesBuildPhase section */

/* Begin PBXSourcesBuildPhase section */
		DF7D79452AC2E90B00FD5923 /* Sources */ = {
			isa = PBXSourcesBuildPhase;
			buildActionMask = 2147483647;
			files = (
				DF7D79512AC2E90B00FD5923 /* ViewController.swift in Sources */,
				DFA16E5A2AD18DBF00343317 /* Tela05ViewController.swift in Sources */,
				DF7D79632AC2EAFD00FD5923 /* TableViewCell.swift in Sources */,
				DF7D79732AC2F87300FD5923 /* Pessoa.swift in Sources */,
				DF7D794D2AC2E90B00FD5923 /* AppDelegate.swift in Sources */,
				DF7D79702AC2F63900FD5923 /* Ex2ViewCell.swift in Sources */,
				DF7D794F2AC2E90B00FD5923 /* SceneDelegate.swift in Sources */,
				DFA16E522AD18D4000343317 /* Tela03ViewController.swift in Sources */,
				DFA16E5E2AD18E1300343317 /* Tela06ViewController.swift in Sources */,
				DF7D79672AC2EB9D00FD5923 /* Frutas.swift in Sources */,
				DFA16E562AD18D9700343317 /* Tela04ViewController.swift in Sources */,
				DF7D796B2AC2F44500FD5923 /* Tela2ViewController.swift in Sources */,
			);
			runOnlyForDeploymentPostprocessing = 0;
		};
/* End PBXSourcesBuildPhase section */

/* Begin PBXVariantGroup section */
		DF7D79522AC2E90B00FD5923 /* Main.storyboard */ = {
			isa = PBXVariantGroup;
			children = (
				DF7D79532AC2E90B00FD5923 /* Base */,
			);
			name = Main.storyboard;
			sourceTree = "<group>";
		};
		DF7D79572AC2E90C00FD5923 /* LaunchScreen.storyboard */ = {
			isa = PBXVariantGroup;
			children = (
				DF7D79582AC2E90C00FD5923 /* Base */,
			);
			name = LaunchScreen.storyboard;
			sourceTree = "<group>";
		};
/* End PBXVariantGroup section */

/* Begin XCBuildConfiguration section */
		DF7D795B2AC2E90C00FD5923 /* Debug */ = {
			isa = XCBuildConfiguration;
			buildSettings = {
				ALWAYS_SEARCH_USER_PATHS = NO;
				CLANG_ANALYZER_NONNULL = YES;
				CLANG_ANALYZER_NUMBER_OBJECT_CONVERSION = YES_AGGRESSIVE;
				CLANG_CXX_LANGUAGE_STANDARD = "gnu++20";
				CLANG_ENABLE_MODULES = YES;
				CLANG_ENABLE_OBJC_ARC = YES;
				CLANG_ENABLE_OBJC_WEAK = YES;
				CLANG_WARN_BLOCK_CAPTURE_AUTORELEASING = YES;
				CLANG_WARN_BOOL_CONVERSION = YES;
				CLANG_WARN_COMMA = YES;
				CLANG_WARN_CONSTANT_CONVERSION = YES;
				CLANG_WARN_DEPRECATED_OBJC_IMPLEMENTATIONS = YES;
				CLANG_WARN_DIRECT_OBJC_ISA_USAGE = YES_ERROR;
				CLANG_WARN_DOCUMENTATION_COMMENTS = YES;
				CLANG_WARN_EMPTY_BODY = YES;
				CLANG_WARN_ENUM_CONVERSION = YES;
				CLANG_WARN_INFINITE_RECURSION = YES;
				CLANG_WARN_INT_CONVERSION = YES;
				CLANG_WARN_NON_LITERAL_NULL_CONVERSION = YES;
				CLANG_WARN_OBJC_IMPLICIT_RETAIN_SELF = YES;
				CLANG_WARN_OBJC_LITERAL_CONVERSION = YES;
				CLANG_WARN_OBJC_ROOT_CLASS = YES_ERROR;
				CLANG_WARN_QUOTED_INCLUDE_IN_FRAMEWORK_HEADER = YES;
				CLANG_WARN_RANGE_LOOP_ANALYSIS = YES;
				CLANG_WARN_STRICT_PROTOTYPES = YES;
				CLANG_WARN_SUSPICIOUS_MOVE = YES;
				CLANG_WARN_UNGUARDED_AVAILABILITY = YES_AGGRESSIVE;
				CLANG_WARN_UNREACHABLE_CODE = YES;
				CLANG_WARN__DUPLICATE_METHOD_MATCH = YES;
				COPY_PHASE_STRIP = NO;
				DEBUG_INFORMATION_FORMAT = dwarf;
				ENABLE_STRICT_OBJC_MSGSEND = YES;
				ENABLE_TESTABILITY = YES;
				GCC_C_LANGUAGE_STANDARD = gnu11;
				GCC_DYNAMIC_NO_PIC = NO;
				GCC_NO_COMMON_BLOCKS = YES;
				GCC_OPTIMIZATION_LEVEL = 0;
				GCC_PREPROCESSOR_DEFINITIONS = (
					"DEBUG=1",
					"$(inherited)",
				);
				GCC_WARN_64_TO_32_BIT_CONVERSION = YES;
				GCC_WARN_ABOUT_RETURN_TYPE = YES_ERROR;
				GCC_WARN_UNDECLARED_SELECTOR = YES;
				GCC_WARN_UNINITIALIZED_AUTOS = YES_AGGRESSIVE;
				GCC_WARN_UNUSED_FUNCTION = YES;
				GCC_WARN_UNUSED_VARIABLE = YES;
				IPHONEOS_DEPLOYMENT_TARGET = 16.4;
				MTL_ENABLE_DEBUG_INFO = INCLUDE_SOURCE;
				MTL_FAST_MATH = YES;
				ONLY_ACTIVE_ARCH = YES;
				SDKROOT = iphoneos;
				SWIFT_ACTIVE_COMPILATION_CONDITIONS = DEBUG;
				SWIFT_OPTIMIZATION_LEVEL = "-Onone";
			};
			name = Debug;
		};
		DF7D795C2AC2E90C00FD5923 /* Release */ = {
			isa = XCBuildConfiguration;
			buildSettings = {
				ALWAYS_SEARCH_USER_PATHS = NO;
				CLANG_ANALYZER_NONNULL = YES;
				CLANG_ANALYZER_NUMBER_OBJECT_CONVERSION = YES_AGGRESSIVE;
				CLANG_CXX_LANGUAGE_STANDARD = "gnu++20";
				CLANG_ENABLE_MODULES = YES;
				CLANG_ENABLE_OBJC_ARC = YES;
				CLANG_ENABLE_OBJC_WEAK = YES;
				CLANG_WARN_BLOCK_CAPTURE_AUTORELEASING = YES;
				CLANG_WARN_BOOL_CONVERSION = YES;
				CLANG_WARN_COMMA = YES;
				CLANG_WARN_CONSTANT_CONVERSION = YES;
				CLANG_WARN_DEPRECATED_OBJC_IMPLEMENTATIONS = YES;
				CLANG_WARN_DIRECT_OBJC_ISA_USAGE = YES_ERROR;
				CLANG_WARN_DOCUMENTATION_COMMENTS = YES;
				CLANG_WARN_EMPTY_BODY = YES;
				CLANG_WARN_ENUM_CONVERSION = YES;
				CLANG_WARN_INFINITE_RECURSION = YES;
				CLANG_WARN_INT_CONVERSION = YES;
				CLANG_WARN_NON_LITERAL_NULL_CONVERSION = YES;
				CLANG_WARN_OBJC_IMPLICIT_RETAIN_SELF = YES;
				CLANG_WARN_OBJC_LITERAL_CONVERSION = YES;
				CLANG_WARN_OBJC_ROOT_CLASS = YES_ERROR;
				CLANG_WARN_QUOTED_INCLUDE_IN_FRAMEWORK_HEADER = YES;
				CLANG_WARN_RANGE_LOOP_ANALYSIS = YES;
				CLANG_WARN_STRICT_PROTOTYPES = YES;
				CLANG_WARN_SUSPICIOUS_MOVE = YES;
				CLANG_WARN_UNGUARDED_AVAILABILITY = YES_AGGRESSIVE;
				CLANG_WARN_UNREACHABLE_CODE = YES;
				CLANG_WARN__DUPLICATE_METHOD_MATCH = YES;
				COPY_PHASE_STRIP = NO;
				DEBUG_INFORMATION_FORMAT = "dwarf-with-dsym";
				ENABLE_NS_ASSERTIONS = NO;
				ENABLE_STRICT_OBJC_MSGSEND = YES;
				GCC_C_LANGUAGE_STANDARD = gnu11;
				GCC_NO_COMMON_BLOCKS = YES;
				GCC_WARN_64_TO_32_BIT_CONVERSION = YES;
				GCC_WARN_ABOUT_RETURN_TYPE = YES_ERROR;
				GCC_WARN_UNDECLARED_SELECTOR = YES;
				GCC_WARN_UNINITIALIZED_AUTOS = YES_AGGRESSIVE;
				GCC_WARN_UNUSED_FUNCTION = YES;
				GCC_WARN_UNUSED_VARIABLE = YES;
				IPHONEOS_DEPLOYMENT_TARGET = 16.4;
				MTL_ENABLE_DEBUG_INFO = NO;
				MTL_FAST_MATH = YES;
				SDKROOT = iphoneos;
				SWIFT_COMPILATION_MODE = wholemodule;
				SWIFT_OPTIMIZATION_LEVEL = "-O";
				VALIDATE_PRODUCT = YES;
			};
			name = Release;
		};
		DF7D795E2AC2E90C00FD5923 /* Debug */ = {
			isa = XCBuildConfiguration;
			buildSettings = {
				ASSETCATALOG_COMPILER_APPICON_NAME = AppIcon;
				ASSETCATALOG_COMPILER_GLOBAL_ACCENT_COLOR_NAME = AccentColor;
				CODE_SIGN_STYLE = Automatic;
				CURRENT_PROJECT_VERSION = 1;
				GENERATE_INFOPLIST_FILE = YES;
				INFOPLIST_FILE = Desafio6Turma351BF/Info.plist;
				INFOPLIST_KEY_UIApplicationSupportsIndirectInputEvents = YES;
				INFOPLIST_KEY_UILaunchStoryboardName = LaunchScreen;
				INFOPLIST_KEY_UIMainStoryboardFile = Main;
				INFOPLIST_KEY_UISupportedInterfaceOrientations_iPad = "UIInterfaceOrientationPortrait UIInterfaceOrientationPortraitUpsideDown UIInterfaceOrientationLandscapeLeft UIInterfaceOrientationLandscapeRight";
				INFOPLIST_KEY_UISupportedInterfaceOrientations_iPhone = "UIInterfaceOrientationPortrait UIInterfaceOrientationLandscapeLeft UIInterfaceOrientationLandscapeRight";
				LD_RUNPATH_SEARCH_PATHS = (
					"$(inherited)",
					"@executable_path/Frameworks",
				);
				MARKETING_VERSION = 1.0;
				PRODUCT_BUNDLE_IDENTIFIER = com.michaelbressiani.Desafio6Turma351BF;
				PRODUCT_NAME = "$(TARGET_NAME)";
				SWIFT_EMIT_LOC_STRINGS = YES;
				SWIFT_VERSION = 5.0;
				TARGETED_DEVICE_FAMILY = "1,2";
			};
			name = Debug;
		};
		DF7D795F2AC2E90C00FD5923 /* Release */ = {
			isa = XCBuildConfiguration;
			buildSettings = {
				ASSETCATALOG_COMPILER_APPICON_NAME = AppIcon;
				ASSETCATALOG_COMPILER_GLOBAL_ACCENT_COLOR_NAME = AccentColor;
				CODE_SIGN_STYLE = Automatic;
				CURRENT_PROJECT_VERSION = 1;
				GENERATE_INFOPLIST_FILE = YES;
				INFOPLIST_FILE = Desafio6Turma351BF/Info.plist;
				INFOPLIST_KEY_UIApplicationSupportsIndirectInputEvents = YES;
				INFOPLIST_KEY_UILaunchStoryboardName = LaunchScreen;
				INFOPLIST_KEY_UIMainStoryboardFile = Main;
				INFOPLIST_KEY_UISupportedInterfaceOrientations_iPad = "UIInterfaceOrientationPortrait UIInterfaceOrientationPortraitUpsideDown UIInterfaceOrientationLandscapeLeft UIInterfaceOrientationLandscapeRight";
				INFOPLIST_KEY_UISupportedInterfaceOrientations_iPhone = "UIInterfaceOrientationPortrait UIInterfaceOrientationLandscapeLeft UIInterfaceOrientationLandscapeRight";
				LD_RUNPATH_SEARCH_PATHS = (
					"$(inherited)",
					"@executable_path/Frameworks",
				);
				MARKETING_VERSION = 1.0;
				PRODUCT_BUNDLE_IDENTIFIER = com.michaelbressiani.Desafio6Turma351BF;
				PRODUCT_NAME = "$(TARGET_NAME)";
				SWIFT_EMIT_LOC_STRINGS = YES;
				SWIFT_VERSION = 5.0;
				TARGETED_DEVICE_FAMILY = "1,2";
			};
			name = Release;
		};
/* End XCBuildConfiguration section */

/* Begin XCConfigurationList section */
		DF7D79442AC2E90B00FD5923 /* Build configuration list for PBXProject "Desafio6Turma351BF" */ = {
			isa = XCConfigurationList;
			buildConfigurations = (
				DF7D795B2AC2E90C00FD5923 /* Debug */,
				DF7D795C2AC2E90C00FD5923 /* Release */,
			);
			defaultConfigurationIsVisible = 0;
			defaultConfigurationName = Release;
		};
		DF7D795D2AC2E90C00FD5923 /* Build configuration list for PBXNativeTarget "Desafio6Turma351BF" */ = {
			isa = XCConfigurationList;
			buildConfigurations = (
				DF7D795E2AC2E90C00FD5923 /* Debug */,
				DF7D795F2AC2E90C00FD5923 /* Release */,
			);
			defaultConfigurationIsVisible = 0;
			defaultConfigurationName = Release;
		};
/* End XCConfigurationList section */
	};
	rootObject = DF7D79412AC2E90B00FD5923 /* Project object */;
}
